
Microsoft Visual Studio Solution File, Format Version 12.00
# Visual Studio Version 16
VisualStudioVersion = 16.0.31424.327
MinimumVisualStudioVersion = 10.0.40219.1
Project("{FAE04EC0-301F-11D3-BF4B-00C04F79EFBC}") = "crack da pinta gon", "crack da pinta gon\crack da pinta gon.csproj", "{EEC32789-B3A5-4800-BF0B-F5252BC151F3}"
EndProject
Global
	GlobalSection(SolutionConfigurationPlatforms) = preSolution
		Debug|Any CPU = Debug|Any CPU
		Release|Any CPU = Release|Any CPU
	EndGlobalSection
	GlobalSection(ProjectConfigurationPlatforms) = postSolution
		{EEC32789-B3A5-4800-BF0B-F5252BC151F3}.Debug|Any CPU.ActiveCfg = Debug|Any CPU
		{EEC32789-B3A5-4800-BF0B-F5252BC151F3}.Debug|Any CPU.Build.0 = Debug|Any CPU
		{EEC32789-B3A5-4800-BF0B-F5252BC151F3}.Release|Any CPU.ActiveCfg = Release|Any CPU
		{EEC32789-B3A5-4800-BF0B-F5252BC151F3}.Release|Any CPU.Build.0 = Release|Any CPU
	EndGlobalSection
	GlobalSection(SolutionProperties) = preSolution
		HideSolutionNode = FALSE
	EndGlobalSection
	GlobalSection(ExtensibilityGlobals) = postSolution
		SolutionGuid = {8339EA70-EFC4-4DDA-B2C8-5F2D1013E12F}
	EndGlobalSection
EndGlobal
